
Microsoft Visual Studio Solution File, Format Version 12.00
# Visual Studio Version 16
VisualStudioVersion = 16.0.29613.14
MinimumVisualStudioVersion = 10.0.40219.1
Project("{FAE04EC0-301F-11D3-BF4B-00C04F79EFBC}") = "MapDemoForWpf", "MapDemoForWpf.csproj", "{52818197-35C6-4921-9010-36C19AEAA963}"
EndProject
Global
	GlobalSection(SolutionConfigurationPlatforms) = preSolution
		Debug|Any CPU = Debug|Any CPU
		Release|Any CPU = Release|Any CPU
	EndGlobalSection
	GlobalSection(ProjectConfigurationPlatforms) = postSolution
		{52818197-35C6-4921-9010-36C19AEAA963}.Debug|Any CPU.ActiveCfg = Debug|Any CPU
		{52818197-35C6-4921-9010-36C19AEAA963}.Debug|Any CPU.Build.0 = Debug|Any CPU
		{52818197-35C6-4921-9010-36C19AEAA963}.Release|Any CPU.ActiveCfg = Release|Any CPU
		{52818197-35C6-4921-9010-36C19AEAA963}.Release|Any CPU.Build.0 = Release|Any CPU
	EndGlobalSection
	GlobalSection(SolutionProperties) = preSolution
		HideSolutionNode = FALSE
	EndGlobalSection
	GlobalSection(ExtensibilityGlobals) = postSolution
		SolutionGuid = {E4FB7C06-770A-413C-9D28-EFF4E9FFEDF3}
	EndGlobalSection
EndGlobal
